{
  "object": {
    "pins": [
      {
        "package": "Signals",
        "repositoryURL": "https://github.com/IBM-Swift/BlueSignals",
        "state": {
          "branch": null,
          "revision": "6f8b9d339e94c7d10c5345f075be58508d7e16f7",
          "version": "1.0.7"
        }
      },
      {
        "package": "Kwift",
        "repositoryURL": "https://github.com/kojirou1994/Kwift",
        "state": {
          "branch": "master",
          "revision": "53b92ad4d64d89f51cd287b3822cd2bc44b86d3b",
          "version": null
        }
      },
      {
        "package": "SwiftPM",
        "repositoryURL": "https://github.com/apple/swift-package-manager",
        "state": {
          "branch": null,
          "revision": "235aacc514cb81a6881364b0fedcb3dd083228f3",
          "version": "0.3.0"
        }
      }
    ]
  },
  "version": 1
}
