{
  "object": {
    "pins": [
      {
        "package": "Signals",
        "repositoryURL": "https://github.com/IBM-Swift/BlueSignals",
        "state": {
          "branch": null,
          "revision": "f1a8a701c49fd214da3fc3458c1211f17c8e13f4",
          "version": "1.0.10"
        }
      },
      {
        "package": "Kwift",
        "repositoryURL": "https://github.com/kojirou1994/Kwift",
        "state": {
          "branch": "master",
          "revision": "f5b5566354329fc6c40ee7cce99e083d8a87fac2",
          "version": null
        }
      },
      {
        "package": "SwiftPM",
        "repositoryURL": "https://github.com/apple/swift-package-manager",
        "state": {
          "branch": null,
          "revision": "235aacc514cb81a6881364b0fedcb3dd083228f3",
          "version": "0.3.0"
        }
      }
    ]
  },
  "version": 1
}
